{
  "requires": true,
  "lockfileVersion": 1,
  "dependencies": {
    "vue": {
      "version": "2.6.14",
      "resolved": "https://registry.npmjs.org/vue/-/vue-2.6.14.tgz",
      "integrity": "sha512-x2284lgYvjOMj3Za7kqzRcUSxBboHqtgRE2zlos1qWaOye5yUmHn42LB1250NJBLRwEcdrB0JRwyPTEPhfQjiQ=="
    },
    "vue-geolocation-api": {
      "version": "0.1.21",
      "resolved": "https://registry.npmjs.org/vue-geolocation-api/-/vue-geolocation-api-0.1.21.tgz",
      "integrity": "sha512-+62ANOOWkHuB0AaSvD5sbIt6aHo73UeHKunNNy4JaUWmptBDD3yHsRDCwpwtSPGDKZpj5bR0cdkY9edFa8WLGw==",
      "requires": {
        "vue": "^2.6.12"
      }
    }
  }
}
